{
    "_readme": [
        "This file locks the dependencies of your project to a known state",
        "Read more about it at https://getcomposer.org/doc/01-basic-usage.md#installing-dependencies",
        "This file is @generated automatically"
    ],
    "content-hash": "1fad978b297425d53c1ee9285e8c81c0",
    "packages": [
        {
            "name": "berlindb/core",
            "version": "2.0.2",
            "source": {
                "type": "git",
                "url": "https://github.com/berlindb/core.git",
                "reference": "6a9383ab2dad726bf2d6dbda6687da848eda22ea"
            },
            "dist": {
                "type": "zip",
                "url": "https://api.github.com/repos/berlindb/core/zipball/6a9383ab2dad726bf2d6dbda6687da848eda22ea",
                "reference": "6a9383ab2dad726bf2d6dbda6687da848eda22ea",
                "shasum": ""
            },
            "type": "library",
            "autoload": {
                "psr-4": {
                    "BerlinDB\\": "src/"
                }
            },
            "notification-url": "https://packagist.org/downloads/",
            "license": [
                "MIT"
            ],
            "description": "A collection of PHP classes and functions that aims to provide an ORM-like experience and interface to WordPress database tables.",
            "support": {
                "issues": "https://github.com/berlindb/core/issues",
                "source": "https://github.com/berlindb/core/tree/2.0.2"
            },
            "time": "2025-10-23T20:00:35+00:00"
        }
    ],
    "packages-dev": [],
    "aliases": [],
    "minimum-stability": "stable",
    "stability-flags": {},
    "prefer-stable": false,
    "prefer-lowest": false,
    "platform": {
        "php": ">=8.0"
    },
    "platform-dev": {},
    "plugin-api-version": "2.9.0"
}
